
Microsoft Visual Studio Solution File, Format Version 11.00
# Visual Studio 2010
# SharpDevelop 4.4
Project("{FD48973F-F585-4F70-812B-4D0503B36CE9}") = "prog52a(classes practice)", "prog52a(classes practice)\prog52a(classes practice).pyproj", "{201EC0AF-76EA-47AC-BD1F-E47044D9A386}"
EndProject
Global
	GlobalSection(SolutionConfigurationPlatforms) = preSolution
		Debug|Any CPU = Debug|Any CPU
		Release|Any CPU = Release|Any CPU
	EndGlobalSection
	GlobalSection(ProjectConfigurationPlatforms) = postSolution
		{201EC0AF-76EA-47AC-BD1F-E47044D9A386}.Debug|Any CPU.Build.0 = Debug|Any CPU
		{201EC0AF-76EA-47AC-BD1F-E47044D9A386}.Debug|Any CPU.ActiveCfg = Debug|Any CPU
		{201EC0AF-76EA-47AC-BD1F-E47044D9A386}.Release|Any CPU.Build.0 = Release|Any CPU
		{201EC0AF-76EA-47AC-BD1F-E47044D9A386}.Release|Any CPU.ActiveCfg = Release|Any CPU
	EndGlobalSection
EndGlobal
