
Microsoft Visual Studio Solution File, Format Version 11.00
# Visual Studio 2010
# SharpDevelop 4.4
Project("{FD48973F-F585-4F70-812B-4D0503B36CE9}") = "hello wrld", "hello wrld.pyproj", "{5F317F08-40A6-4419-9BE9-88B4BFB51595}"
EndProject
Global
	GlobalSection(SolutionConfigurationPlatforms) = preSolution
		Debug|Any CPU = Debug|Any CPU
		Release|Any CPU = Release|Any CPU
	EndGlobalSection
	GlobalSection(ProjectConfigurationPlatforms) = postSolution
		{5F317F08-40A6-4419-9BE9-88B4BFB51595}.Debug|Any CPU.Build.0 = Debug|Any CPU
		{5F317F08-40A6-4419-9BE9-88B4BFB51595}.Debug|Any CPU.ActiveCfg = Debug|Any CPU
		{5F317F08-40A6-4419-9BE9-88B4BFB51595}.Release|Any CPU.Build.0 = Release|Any CPU
		{5F317F08-40A6-4419-9BE9-88B4BFB51595}.Release|Any CPU.ActiveCfg = Release|Any CPU
	EndGlobalSection
EndGlobal
