
Microsoft Visual Studio Solution File, Format Version 11.00
# Visual Studio 2010
# SharpDevelop 4.4
Project("{FD48973F-F585-4F70-812B-4D0503B36CE9}") = "pg240comm", "pg240comm\pg240comm.pyproj", "{8FE04934-372D-4F9E-AF01-2B3D39B5B574}"
EndProject
Global
	GlobalSection(SolutionConfigurationPlatforms) = preSolution
		Debug|Any CPU = Debug|Any CPU
		Release|Any CPU = Release|Any CPU
	EndGlobalSection
	GlobalSection(ProjectConfigurationPlatforms) = postSolution
		{8FE04934-372D-4F9E-AF01-2B3D39B5B574}.Debug|Any CPU.Build.0 = Debug|Any CPU
		{8FE04934-372D-4F9E-AF01-2B3D39B5B574}.Debug|Any CPU.ActiveCfg = Debug|Any CPU
		{8FE04934-372D-4F9E-AF01-2B3D39B5B574}.Release|Any CPU.Build.0 = Release|Any CPU
		{8FE04934-372D-4F9E-AF01-2B3D39B5B574}.Release|Any CPU.ActiveCfg = Release|Any CPU
	EndGlobalSection
EndGlobal
