
Microsoft Visual Studio Solution File, Format Version 11.00
# Visual Studio 2010
# SharpDevelop 4.4
Project("{FD48973F-F585-4F70-812B-4D0503B36CE9}") = "slices", "slices\slices.pyproj", "{2B94D520-28B6-45CA-A58A-16CC46F19385}"
EndProject
Global
	GlobalSection(SolutionConfigurationPlatforms) = preSolution
		Debug|Any CPU = Debug|Any CPU
		Release|Any CPU = Release|Any CPU
	EndGlobalSection
	GlobalSection(ProjectConfigurationPlatforms) = postSolution
		{2B94D520-28B6-45CA-A58A-16CC46F19385}.Debug|Any CPU.Build.0 = Debug|Any CPU
		{2B94D520-28B6-45CA-A58A-16CC46F19385}.Debug|Any CPU.ActiveCfg = Debug|Any CPU
		{2B94D520-28B6-45CA-A58A-16CC46F19385}.Release|Any CPU.Build.0 = Release|Any CPU
		{2B94D520-28B6-45CA-A58A-16CC46F19385}.Release|Any CPU.ActiveCfg = Release|Any CPU
	EndGlobalSection
EndGlobal
