
Microsoft Visual Studio Solution File, Format Version 11.00
# Visual Studio 2010
# SharpDevelop 4.4
Project("{FD48973F-F585-4F70-812B-4D0503B36CE9}") = "loopyfroopys", "loopyfroopys\loopyfroopys.pyproj", "{D029004E-8E1D-440F-AC0F-42012A464042}"
EndProject
Global
	GlobalSection(SolutionConfigurationPlatforms) = preSolution
		Debug|Any CPU = Debug|Any CPU
		Release|Any CPU = Release|Any CPU
	EndGlobalSection
	GlobalSection(ProjectConfigurationPlatforms) = postSolution
		{D029004E-8E1D-440F-AC0F-42012A464042}.Debug|Any CPU.Build.0 = Debug|Any CPU
		{D029004E-8E1D-440F-AC0F-42012A464042}.Debug|Any CPU.ActiveCfg = Debug|Any CPU
		{D029004E-8E1D-440F-AC0F-42012A464042}.Release|Any CPU.Build.0 = Release|Any CPU
		{D029004E-8E1D-440F-AC0F-42012A464042}.Release|Any CPU.ActiveCfg = Release|Any CPU
	EndGlobalSection
EndGlobal
