
Microsoft Visual Studio Solution File, Format Version 11.00
# Visual Studio 2010
# SharpDevelop 4.4
Project("{FD48973F-F585-4F70-812B-4D0503B36CE9}") = "FullName", "FullName\FullName.pyproj", "{C0F1F707-F79B-40C4-9D98-3D7B180FADCB}"
EndProject
Global
	GlobalSection(SolutionConfigurationPlatforms) = preSolution
		Debug|Any CPU = Debug|Any CPU
		Release|Any CPU = Release|Any CPU
	EndGlobalSection
	GlobalSection(ProjectConfigurationPlatforms) = postSolution
		{C0F1F707-F79B-40C4-9D98-3D7B180FADCB}.Debug|Any CPU.Build.0 = Debug|Any CPU
		{C0F1F707-F79B-40C4-9D98-3D7B180FADCB}.Debug|Any CPU.ActiveCfg = Debug|Any CPU
		{C0F1F707-F79B-40C4-9D98-3D7B180FADCB}.Release|Any CPU.Build.0 = Release|Any CPU
		{C0F1F707-F79B-40C4-9D98-3D7B180FADCB}.Release|Any CPU.ActiveCfg = Release|Any CPU
	EndGlobalSection
EndGlobal
