
Microsoft Visual Studio Solution File, Format Version 11.00
# Visual Studio 2010
# SharpDevelop 4.4
Project("{FD48973F-F585-4F70-812B-4D0503B36CE9}") = "prog52apt2", "prog52apt2\prog52apt2.pyproj", "{7EB79A75-99E2-4572-AC98-CD8AD9A0FE6A}"
EndProject
Global
	GlobalSection(SolutionConfigurationPlatforms) = preSolution
		Debug|Any CPU = Debug|Any CPU
		Release|Any CPU = Release|Any CPU
	EndGlobalSection
	GlobalSection(ProjectConfigurationPlatforms) = postSolution
		{7EB79A75-99E2-4572-AC98-CD8AD9A0FE6A}.Debug|Any CPU.Build.0 = Debug|Any CPU
		{7EB79A75-99E2-4572-AC98-CD8AD9A0FE6A}.Debug|Any CPU.ActiveCfg = Debug|Any CPU
		{7EB79A75-99E2-4572-AC98-CD8AD9A0FE6A}.Release|Any CPU.Build.0 = Release|Any CPU
		{7EB79A75-99E2-4572-AC98-CD8AD9A0FE6A}.Release|Any CPU.ActiveCfg = Release|Any CPU
	EndGlobalSection
EndGlobal
