
Microsoft Visual Studio Solution File, Format Version 11.00
# Visual Studio 2010
# SharpDevelop 4.4
Project("{FD48973F-F585-4F70-812B-4D0503B36CE9}") = "prog162b", "prog162b\prog162b.pyproj", "{C94F9FAC-0C6E-4626-B3EC-807C67A8A9F1}"
EndProject
Global
	GlobalSection(SolutionConfigurationPlatforms) = preSolution
		Debug|Any CPU = Debug|Any CPU
		Release|Any CPU = Release|Any CPU
	EndGlobalSection
	GlobalSection(ProjectConfigurationPlatforms) = postSolution
		{C94F9FAC-0C6E-4626-B3EC-807C67A8A9F1}.Debug|Any CPU.Build.0 = Debug|Any CPU
		{C94F9FAC-0C6E-4626-B3EC-807C67A8A9F1}.Debug|Any CPU.ActiveCfg = Debug|Any CPU
		{C94F9FAC-0C6E-4626-B3EC-807C67A8A9F1}.Release|Any CPU.Build.0 = Release|Any CPU
		{C94F9FAC-0C6E-4626-B3EC-807C67A8A9F1}.Release|Any CPU.ActiveCfg = Release|Any CPU
	EndGlobalSection
EndGlobal
