
Microsoft Visual Studio Solution File, Format Version 11.00
# Visual Studio 2010
# SharpDevelop 4.4
Project("{FD48973F-F585-4F70-812B-4D0503B36CE9}") = "pg186stadiumseating", "pg186stadiumseating\pg186stadiumseating.pyproj", "{58A7DE39-CDD9-4DDC-A38A-01E3AA0CAA52}"
EndProject
Global
	GlobalSection(SolutionConfigurationPlatforms) = preSolution
		Debug|Any CPU = Debug|Any CPU
		Release|Any CPU = Release|Any CPU
	EndGlobalSection
	GlobalSection(ProjectConfigurationPlatforms) = postSolution
		{58A7DE39-CDD9-4DDC-A38A-01E3AA0CAA52}.Debug|Any CPU.Build.0 = Debug|Any CPU
		{58A7DE39-CDD9-4DDC-A38A-01E3AA0CAA52}.Debug|Any CPU.ActiveCfg = Debug|Any CPU
		{58A7DE39-CDD9-4DDC-A38A-01E3AA0CAA52}.Release|Any CPU.Build.0 = Release|Any CPU
		{58A7DE39-CDD9-4DDC-A38A-01E3AA0CAA52}.Release|Any CPU.ActiveCfg = Release|Any CPU
	EndGlobalSection
EndGlobal
