
Microsoft Visual Studio Solution File, Format Version 11.00
# Visual Studio 2010
# SharpDevelop 4.4
Project("{FD48973F-F585-4F70-812B-4D0503B36CE9}") = "prog122b", "prog122b\prog122b.pyproj", "{42A00F3E-CD1F-43A4-9E6D-83AE5DCA4B84}"
EndProject
Global
	GlobalSection(SolutionConfigurationPlatforms) = preSolution
		Debug|Any CPU = Debug|Any CPU
		Release|Any CPU = Release|Any CPU
	EndGlobalSection
	GlobalSection(ProjectConfigurationPlatforms) = postSolution
		{42A00F3E-CD1F-43A4-9E6D-83AE5DCA4B84}.Debug|Any CPU.Build.0 = Debug|Any CPU
		{42A00F3E-CD1F-43A4-9E6D-83AE5DCA4B84}.Debug|Any CPU.ActiveCfg = Debug|Any CPU
		{42A00F3E-CD1F-43A4-9E6D-83AE5DCA4B84}.Release|Any CPU.Build.0 = Release|Any CPU
		{42A00F3E-CD1F-43A4-9E6D-83AE5DCA4B84}.Release|Any CPU.ActiveCfg = Release|Any CPU
	EndGlobalSection
EndGlobal
