
Microsoft Visual Studio Solution File, Format Version 11.00
# Visual Studio 2010
# SharpDevelop 4.4
Project("{FD48973F-F585-4F70-812B-4D0503B36CE9}") = "phonenumbers", "phonenumbers\phonenumbers.pyproj", "{54F7E5D2-2552-4E58-BD8D-E711025EB39B}"
EndProject
Global
	GlobalSection(SolutionConfigurationPlatforms) = preSolution
		Debug|Any CPU = Debug|Any CPU
		Release|Any CPU = Release|Any CPU
	EndGlobalSection
	GlobalSection(ProjectConfigurationPlatforms) = postSolution
		{54F7E5D2-2552-4E58-BD8D-E711025EB39B}.Debug|Any CPU.Build.0 = Debug|Any CPU
		{54F7E5D2-2552-4E58-BD8D-E711025EB39B}.Debug|Any CPU.ActiveCfg = Debug|Any CPU
		{54F7E5D2-2552-4E58-BD8D-E711025EB39B}.Release|Any CPU.Build.0 = Release|Any CPU
		{54F7E5D2-2552-4E58-BD8D-E711025EB39B}.Release|Any CPU.ActiveCfg = Release|Any CPU
	EndGlobalSection
EndGlobal
