
Microsoft Visual Studio Solution File, Format Version 11.00
# Visual Studio 2010
# SharpDevelop 4.4
Project("{FD48973F-F585-4F70-812B-4D0503B36CE9}") = "slot machine", "slot machine\slot machine.pyproj", "{2BCC355D-E507-4DF9-A011-0EFE1B381058}"
EndProject
Global
	GlobalSection(SolutionConfigurationPlatforms) = preSolution
		Debug|Any CPU = Debug|Any CPU
		Release|Any CPU = Release|Any CPU
	EndGlobalSection
	GlobalSection(ProjectConfigurationPlatforms) = postSolution
		{2BCC355D-E507-4DF9-A011-0EFE1B381058}.Debug|Any CPU.Build.0 = Debug|Any CPU
		{2BCC355D-E507-4DF9-A011-0EFE1B381058}.Debug|Any CPU.ActiveCfg = Debug|Any CPU
		{2BCC355D-E507-4DF9-A011-0EFE1B381058}.Release|Any CPU.Build.0 = Release|Any CPU
		{2BCC355D-E507-4DF9-A011-0EFE1B381058}.Release|Any CPU.ActiveCfg = Release|Any CPU
	EndGlobalSection
EndGlobal
