
Microsoft Visual Studio Solution File, Format Version 11.00
# Visual Studio 2010
# SharpDevelop 4.4
Project("{FD48973F-F585-4F70-812B-4D0503B36CE9}") = "prog54adictionary", "prog54adictionary\prog54adictionary.pyproj", "{1F35A08B-2703-473C-AA10-1ECAD2498605}"
EndProject
Global
	GlobalSection(SolutionConfigurationPlatforms) = preSolution
		Debug|Any CPU = Debug|Any CPU
		Release|Any CPU = Release|Any CPU
	EndGlobalSection
	GlobalSection(ProjectConfigurationPlatforms) = postSolution
		{1F35A08B-2703-473C-AA10-1ECAD2498605}.Debug|Any CPU.Build.0 = Debug|Any CPU
		{1F35A08B-2703-473C-AA10-1ECAD2498605}.Debug|Any CPU.ActiveCfg = Debug|Any CPU
		{1F35A08B-2703-473C-AA10-1ECAD2498605}.Release|Any CPU.Build.0 = Release|Any CPU
		{1F35A08B-2703-473C-AA10-1ECAD2498605}.Release|Any CPU.ActiveCfg = Release|Any CPU
	EndGlobalSection
EndGlobal
