
Microsoft Visual Studio Solution File, Format Version 11.00
# Visual Studio 2010
# SharpDevelop 4.4
Project("{FD48973F-F585-4F70-812B-4D0503B36CE9}") = "pg247radio", "pg247radio\pg247radio.pyproj", "{B14D673C-56E6-4899-A56B-944A50B4D2EE}"
EndProject
Global
	GlobalSection(SolutionConfigurationPlatforms) = preSolution
		Debug|Any CPU = Debug|Any CPU
		Release|Any CPU = Release|Any CPU
	EndGlobalSection
	GlobalSection(ProjectConfigurationPlatforms) = postSolution
		{B14D673C-56E6-4899-A56B-944A50B4D2EE}.Debug|Any CPU.Build.0 = Debug|Any CPU
		{B14D673C-56E6-4899-A56B-944A50B4D2EE}.Debug|Any CPU.ActiveCfg = Debug|Any CPU
		{B14D673C-56E6-4899-A56B-944A50B4D2EE}.Release|Any CPU.Build.0 = Release|Any CPU
		{B14D673C-56E6-4899-A56B-944A50B4D2EE}.Release|Any CPU.ActiveCfg = Release|Any CPU
	EndGlobalSection
EndGlobal
