
Microsoft Visual Studio Solution File, Format Version 11.00
# Visual Studio 2010
# SharpDevelop 4.4
Project("{FD48973F-F585-4F70-812B-4D0503B36CE9}") = "LP 4-2", "LP 4-2\LP 4-2.pyproj", "{FCDECF0B-1698-48CD-A874-20113F643B52}"
EndProject
Global
	GlobalSection(SolutionConfigurationPlatforms) = preSolution
		Debug|Any CPU = Debug|Any CPU
		Release|Any CPU = Release|Any CPU
	EndGlobalSection
	GlobalSection(ProjectConfigurationPlatforms) = postSolution
		{FCDECF0B-1698-48CD-A874-20113F643B52}.Debug|Any CPU.Build.0 = Debug|Any CPU
		{FCDECF0B-1698-48CD-A874-20113F643B52}.Debug|Any CPU.ActiveCfg = Debug|Any CPU
		{FCDECF0B-1698-48CD-A874-20113F643B52}.Release|Any CPU.Build.0 = Release|Any CPU
		{FCDECF0B-1698-48CD-A874-20113F643B52}.Release|Any CPU.ActiveCfg = Release|Any CPU
	EndGlobalSection
EndGlobal
